// !$*UTF8*$!
{
	archiveVersion = 1;
	classes = {
	};
	objectVersion = 55;
	objects = {

/* Begin PBXBuildFile section */
		410148D3283CEFB80024D135 /* MoviesInfoApp.swift in Sources */ = {isa = PBXBuildFile; fileRef = 410148D2283CEFB80024D135 /* MoviesInfoApp.swift */; };
		410148D5283CEFB80024D135 /* ContentView.swift in Sources */ = {isa = PBXBuildFile; fileRef = 410148D4283CEFB80024D135 /* ContentView.swift */; };
		410148D7283CEFBB0024D135 /* Assets.xcassets in Resources */ = {isa = PBXBuildFile; fileRef = 410148D6283CEFBB0024D135 /* Assets.xcassets */; };
		410148DA283CEFBB0024D135 /* Preview Assets.xcassets in Resources */ = {isa = PBXBuildFile; fileRef = 410148D9283CEFBB0024D135 /* Preview Assets.xcassets */; };
		410148E4283CEFBB0024D135 /* MoviesInfoTests.swift in Sources */ = {isa = PBXBuildFile; fileRef = 410148E3283CEFBB0024D135 /* MoviesInfoTests.swift */; };
		410148EE283CEFBB0024D135 /* MoviesInfoUITests.swift in Sources */ = {isa = PBXBuildFile; fileRef = 410148ED283CEFBB0024D135 /* MoviesInfoUITests.swift */; };
		410148F0283CEFBB0024D135 /* MoviesInfoUITestsLaunchTests.swift in Sources */ = {isa = PBXBuildFile; fileRef = 410148EF283CEFBB0024D135 /* MoviesInfoUITestsLaunchTests.swift */; };
		410148FF283CF1370024D135 /* Constants.swift in Sources */ = {isa = PBXBuildFile; fileRef = 410148FE283CF1370024D135 /* Constants.swift */; };
		41014906283CF3810024D135 /* RatingsView.swift in Sources */ = {isa = PBXBuildFile; fileRef = 41014905283CF3810024D135 /* RatingsView.swift */; };
		41014908283CF3B80024D135 /* URLImage.swift in Sources */ = {isa = PBXBuildFile; fileRef = 41014907283CF3B80024D135 /* URLImage.swift */; };
		4101490A283CF4250024D135 /* ImageLoader.swift in Sources */ = {isa = PBXBuildFile; fileRef = 41014909283CF4250024D135 /* ImageLoader.swift */; };
		4167545F283E227000BAE795 /* MovieViewModel.swift in Sources */ = {isa = PBXBuildFile; fileRef = 4167545E283E227000BAE795 /* MovieViewModel.swift */; };
		4181C30B283DE23700F85759 /* Movie.swift in Sources */ = {isa = PBXBuildFile; fileRef = 4181C30A283DE23700F85759 /* Movie.swift */; };
		4181C30D283DEA5600F85759 /* HTTPClient.swift in Sources */ = {isa = PBXBuildFile; fileRef = 4181C30C283DEA5600F85759 /* HTTPClient.swift */; };
/* End PBXBuildFile section */

/* Begin PBXContainerItemProxy section */
		410148E0283CEFBB0024D135 /* PBXContainerItemProxy */ = {
			isa = PBXContainerItemProxy;
			containerPortal = 410148C7283CEFB80024D135 /* Project object */;
			proxyType = 1;
			remoteGlobalIDString = 410148CE283CEFB80024D135;
			remoteInfo = MoviesInfo;
		};
		410148EA283CEFBB0024D135 /* PBXContainerItemProxy */ = {
			isa = PBXContainerItemProxy;
			containerPortal = 410148C7283CEFB80024D135 /* Project object */;
			proxyType = 1;
			remoteGlobalIDString = 410148CE283CEFB80024D135;
			remoteInfo = MoviesInfo;
		};
/* End PBXContainerItemProxy section */

/* Begin PBXFileReference section */
		410148CF283CEFB80024D135 /* MoviesInfo.app */ = {isa = PBXFileReference; explicitFileType = wrapper.application; includeInIndex = 0; path = MoviesInfo.app; sourceTree = BUILT_PRODUCTS_DIR; };
		410148D2283CEFB80024D135 /* MoviesInfoApp.swift */ = {isa = PBXFileReference; lastKnownFileType = sourcecode.swift; path = MoviesInfoApp.swift; sourceTree = "<group>"; };
		410148D4283CEFB80024D135 /* ContentView.swift */ = {isa = PBXFileReference; lastKnownFileType = sourcecode.swift; path = ContentView.swift; sourceTree = "<group>"; };
		410148D6283CEFBB0024D135 /* Assets.xcassets */ = {isa = PBXFileReference; lastKnownFileType = folder.assetcatalog; path = Assets.xcassets; sourceTree = "<group>"; };
		410148D9283CEFBB0024D135 /* Preview Assets.xcassets */ = {isa = PBXFileReference; lastKnownFileType = folder.assetcatalog; path = "Preview Assets.xcassets"; sourceTree = "<group>"; };
		410148DF283CEFBB0024D135 /* MoviesInfoTests.xctest */ = {isa = PBXFileReference; explicitFileType = wrapper.cfbundle; includeInIndex = 0; path = MoviesInfoTests.xctest; sourceTree = BUILT_PRODUCTS_DIR; };
		410148E3283CEFBB0024D135 /* MoviesInfoTests.swift */ = {isa = PBXFileReference; lastKnownFileType = sourcecode.swift; path = MoviesInfoTests.swift; sourceTree = "<group>"; };
		410148E9283CEFBB0024D135 /* MoviesInfoUITests.xctest */ = {isa = PBXFileReference; explicitFileType = wrapper.cfbundle; includeInIndex = 0; path = MoviesInfoUITests.xctest; sourceTree = BUILT_PRODUCTS_DIR; };
		410148ED283CEFBB0024D135 /* MoviesInfoUITests.swift */ = {isa = PBXFileReference; lastKnownFileType = sourcecode.swift; path = MoviesInfoUITests.swift; sourceTree = "<group>"; };
		410148EF283CEFBB0024D135 /* MoviesInfoUITestsLaunchTests.swift */ = {isa = PBXFileReference; lastKnownFileType = sourcecode.swift; path = MoviesInfoUITestsLaunchTests.swift; sourceTree = "<group>"; };
		410148FE283CF1370024D135 /* Constants.swift */ = {isa = PBXFileReference; lastKnownFileType = sourcecode.swift; path = Constants.swift; sourceTree = "<group>"; };
		41014905283CF3810024D135 /* RatingsView.swift */ = {isa = PBXFileReference; lastKnownFileType = sourcecode.swift; path = RatingsView.swift; sourceTree = "<group>"; };
		41014907283CF3B80024D135 /* URLImage.swift */ = {isa = PBXFileReference; lastKnownFileType = sourcecode.swift; path = URLImage.swift; sourceTree = "<group>"; };
		41014909283CF4250024D135 /* ImageLoader.swift */ = {isa = PBXFileReference; lastKnownFileType = sourcecode.swift; path = ImageLoader.swift; sourceTree = "<group>"; };
		4167545E283E227000BAE795 /* MovieViewModel.swift */ = {isa = PBXFileReference; lastKnownFileType = sourcecode.swift; path = MovieViewModel.swift; sourceTree = "<group>"; };
		4181C30A283DE23700F85759 /* Movie.swift */ = {isa = PBXFileReference; lastKnownFileType = sourcecode.swift; path = Movie.swift; sourceTree = "<group>"; };
		4181C30C283DEA5600F85759 /* HTTPClient.swift */ = {isa = PBXFileReference; lastKnownFileType = sourcecode.swift; path = HTTPClient.swift; sourceTree = "<group>"; };
		4181C30E283E054900F85759 /* Info.plist */ = {isa = PBXFileReference; lastKnownFileType = text.plist; path = Info.plist; sourceTree = "<group>"; };
/* End PBXFileReference section */

/* Begin PBXFrameworksBuildPhase section */
		410148CC283CEFB80024D135 /* Frameworks */ = {
			isa = PBXFrameworksBuildPhase;
			buildActionMask = 2147483647;
			files = (
			);
			runOnlyForDeploymentPostprocessing = 0;
		};
		410148DC283CEFBB0024D135 /* Frameworks */ = {
			isa = PBXFrameworksBuildPhase;
			buildActionMask = 2147483647;
			files = (
			);
			runOnlyForDeploymentPostprocessing = 0;
		};
		410148E6283CEFBB0024D135 /* Frameworks */ = {
			isa = PBXFrameworksBuildPhase;
			buildActionMask = 2147483647;
			files = (
			);
			runOnlyForDeploymentPostprocessing = 0;
		};
/* End PBXFrameworksBuildPhase section */

/* Begin PBXGroup section */
		410148C6283CEFB80024D135 = {
			isa = PBXGroup;
			children = (
				410148D1283CEFB80024D135 /* MoviesInfo */,
				410148E2283CEFBB0024D135 /* MoviesInfoTests */,
				410148EC283CEFBB0024D135 /* MoviesInfoUITests */,
				410148D0283CEFB80024D135 /* Products */,
			);
			sourceTree = "<group>";
		};
		410148D0283CEFB80024D135 /* Products */ = {
			isa = PBXGroup;
			children = (
				410148CF283CEFB80024D135 /* MoviesInfo.app */,
				410148DF283CEFBB0024D135 /* MoviesInfoTests.xctest */,
				410148E9283CEFBB0024D135 /* MoviesInfoUITests.xctest */,
			);
			name = Products;
			sourceTree = "<group>";
		};
		410148D1283CEFB80024D135 /* MoviesInfo */ = {
			isa = PBXGroup;
			children = (
				4181C30E283E054900F85759 /* Info.plist */,
				41014904283CF33F0024D135 /* Loaders */,
				41014903283CF2F20024D135 /* Controls */,
				41014902283CF2DB0024D135 /* Extensions */,
				4181C309283DE1DA00F85759 /* Model */,
				41014901283CF2C00024D135 /* Services */,
				41014900283CF2A90024D135 /* ViewModel */,
				410148FD283CF0E80024D135 /* Utilities */,
				410148FC283CF03E0024D135 /* Views */,
				410148D2283CEFB80024D135 /* MoviesInfoApp.swift */,
				410148D4283CEFB80024D135 /* ContentView.swift */,
				410148D6283CEFBB0024D135 /* Assets.xcassets */,
				410148D8283CEFBB0024D135 /* Preview Content */,
			);
			path = MoviesInfo;
			sourceTree = "<group>";
		};
		410148D8283CEFBB0024D135 /* Preview Content */ = {
			isa = PBXGroup;
			children = (
				410148D9283CEFBB0024D135 /* Preview Assets.xcassets */,
			);
			path = "Preview Content";
			sourceTree = "<group>";
		};
		410148E2283CEFBB0024D135 /* MoviesInfoTests */ = {
			isa = PBXGroup;
			children = (
				410148E3283CEFBB0024D135 /* MoviesInfoTests.swift */,
			);
			path = MoviesInfoTests;
			sourceTree = "<group>";
		};
		410148EC283CEFBB0024D135 /* MoviesInfoUITests */ = {
			isa = PBXGroup;
			children = (
				410148ED283CEFBB0024D135 /* MoviesInfoUITests.swift */,
				410148EF283CEFBB0024D135 /* MoviesInfoUITestsLaunchTests.swift */,
			);
			path = MoviesInfoUITests;
			sourceTree = "<group>";
		};
		410148FC283CF03E0024D135 /* Views */ = {
			isa = PBXGroup;
			children = (
			);
			path = Views;
			sourceTree = "<group>";
		};
		410148FD283CF0E80024D135 /* Utilities */ = {
			isa = PBXGroup;
			children = (
				410148FE283CF1370024D135 /* Constants.swift */,
			);
			path = Utilities;
			sourceTree = "<group>";
		};
		41014900283CF2A90024D135 /* ViewModel */ = {
			isa = PBXGroup;
			children = (
				4167545E283E227000BAE795 /* MovieViewModel.swift */,
			);
			path = ViewModel;
			sourceTree = "<group>";
		};
		41014901283CF2C00024D135 /* Services */ = {
			isa = PBXGroup;
			children = (
				4181C30C283DEA5600F85759 /* HTTPClient.swift */,
			);
			path = Services;
			sourceTree = "<group>";
		};
		41014902283CF2DB0024D135 /* Extensions */ = {
			isa = PBXGroup;
			children = (
			);
			path = Extensions;
			sourceTree = "<group>";
		};
		41014903283CF2F20024D135 /* Controls */ = {
			isa = PBXGroup;
			children = (
				41014905283CF3810024D135 /* RatingsView.swift */,
				41014907283CF3B80024D135 /* URLImage.swift */,
			);
			path = Controls;
			sourceTree = "<group>";
		};
		41014904283CF33F0024D135 /* Loaders */ = {
			isa = PBXGroup;
			children = (
				41014909283CF4250024D135 /* ImageLoader.swift */,
			);
			path = Loaders;
			sourceTree = "<group>";
		};
		4181C309283DE1DA00F85759 /* Model */ = {
			isa = PBXGroup;
			children = (
				4181C30A283DE23700F85759 /* Movie.swift */,
			);
			path = Model;
			sourceTree = "<group>";
		};
/* End PBXGroup section */

/* Begin PBXNativeTarget section */
		410148CE283CEFB80024D135 /* MoviesInfo */ = {
			isa = PBXNativeTarget;
			buildConfigurationList = 410148F3283CEFBB0024D135 /* Build configuration list for PBXNativeTarget "MoviesInfo" */;
			buildPhases = (
				410148CB283CEFB80024D135 /* Sources */,
				410148CC283CEFB80024D135 /* Frameworks */,
				410148CD283CEFB80024D135 /* Resources */,
			);
			buildRules = (
			);
			dependencies = (
			);
			name = MoviesInfo;
			productName = MoviesInfo;
			productReference = 410148CF283CEFB80024D135 /* MoviesInfo.app */;
			productType = "com.apple.product-type.application";
		};
		410148DE283CEFBB0024D135 /* MoviesInfoTests */ = {
			isa = PBXNativeTarget;
			buildConfigurationList = 410148F6283CEFBB0024D135 /* Build configuration list for PBXNativeTarget "MoviesInfoTests" */;
			buildPhases = (
				410148DB283CEFBB0024D135 /* Sources */,
				410148DC283CEFBB0024D135 /* Frameworks */,
				410148DD283CEFBB0024D135 /* Resources */,
			);
			buildRules = (
			);
			dependencies = (
				410148E1283CEFBB0024D135 /* PBXTargetDependency */,
			);
			name = MoviesInfoTests;
			productName = MoviesInfoTests;
			productReference = 410148DF283CEFBB0024D135 /* MoviesInfoTests.xctest */;
			productType = "com.apple.product-type.bundle.unit-test";
		};
		410148E8283CEFBB0024D135 /* MoviesInfoUITests */ = {
			isa = PBXNativeTarget;
			buildConfigurationList = 410148F9283CEFBB0024D135 /* Build configuration list for PBXNativeTarget "MoviesInfoUITests" */;
			buildPhases = (
				410148E5283CEFBB0024D135 /* Sources */,
				410148E6283CEFBB0024D135 /* Frameworks */,
				410148E7283CEFBB0024D135 /* Resources */,
			);
			buildRules = (
			);
			dependencies = (
				410148EB283CEFBB0024D135 /* PBXTargetDependency */,
			);
			name = MoviesInfoUITests;
			productName = MoviesInfoUITests;
			productReference = 410148E9283CEFBB0024D135 /* MoviesInfoUITests.xctest */;
			productType = "com.apple.product-type.bundle.ui-testing";
		};
/* End PBXNativeTarget section */

/* Begin PBXProject section */
		410148C7283CEFB80024D135 /* Project object */ = {
			isa = PBXProject;
			attributes = {
				BuildIndependentTargetsInParallel = 1;
				LastSwiftUpdateCheck = 1330;
				LastUpgradeCheck = 1330;
				TargetAttributes = {
					410148CE283CEFB80024D135 = {
						CreatedOnToolsVersion = 13.3;
					};
					410148DE283CEFBB0024D135 = {
						CreatedOnToolsVersion = 13.3;
						TestTargetID = 410148CE283CEFB80024D135;
					};
					410148E8283CEFBB0024D135 = {
						CreatedOnToolsVersion = 13.3;
						TestTargetID = 410148CE283CEFB80024D135;
					};
				};
			};
			buildConfigurationList = 410148CA283CEFB80024D135 /* Build configuration list for PBXProject "MoviesInfo" */;
			compatibilityVersion = "Xcode 13.0";
			developmentRegion = en;
			hasScannedForEncodings = 0;
			knownRegions = (
				en,
				Base,
			);
			mainGroup = 410148C6283CEFB80024D135;
			productRefGroup = 410148D0283CEFB80024D135 /* Products */;
			projectDirPath = "";
			projectRoot = "";
			targets = (
				410148CE283CEFB80024D135 /* MoviesInfo */,
				410148DE283CEFBB0024D135 /* MoviesInfoTests */,
				410148E8283CEFBB0024D135 /* MoviesInfoUITests */,
			);
		};
/* End PBXProject section */

/* Begin PBXResourcesBuildPhase section */
		410148CD283CEFB80024D135 /* Resources */ = {
			isa = PBXResourcesBuildPhase;
			buildActionMask = 2147483647;
			files = (
				410148DA283CEFBB0024D135 /* Preview Assets.xcassets in Resources */,
				410148D7283CEFBB0024D135 /* Assets.xcassets in Resources */,
			);
			runOnlyForDeploymentPostprocessing = 0;
		};
		410148DD283CEFBB0024D135 /* Resources */ = {
			isa = PBXResourcesBuildPhase;
			buildActionMask = 2147483647;
			files = (
			);
			runOnlyForDeploymentPostprocessing = 0;
		};
		410148E7283CEFBB0024D135 /* Resources */ = {
			isa = PBXResourcesBuildPhase;
			buildActionMask = 2147483647;
			files = (
			);
			runOnlyForDeploymentPostprocessing = 0;
		};
/* End PBXResourcesBuildPhase section */

/* Begin PBXSourcesBuildPhase section */
		410148CB283CEFB80024D135 /* Sources */ = {
			isa = PBXSourcesBuildPhase;
			buildActionMask = 2147483647;
			files = (
				4181C30B283DE23700F85759 /* Movie.swift in Sources */,
				410148D5283CEFB80024D135 /* ContentView.swift in Sources */,
				4181C30D283DEA5600F85759 /* HTTPClient.swift in Sources */,
				410148D3283CEFB80024D135 /* MoviesInfoApp.swift in Sources */,
				4101490A283CF4250024D135 /* ImageLoader.swift in Sources */,
				4167545F283E227000BAE795 /* MovieViewModel.swift in Sources */,
				410148FF283CF1370024D135 /* Constants.swift in Sources */,
				41014908283CF3B80024D135 /* URLImage.swift in Sources */,
				41014906283CF3810024D135 /* RatingsView.swift in Sources */,
			);
			runOnlyForDeploymentPostprocessing = 0;
		};
		410148DB283CEFBB0024D135 /* Sources */ = {
			isa = PBXSourcesBuildPhase;
			buildActionMask = 2147483647;
			files = (
				410148E4283CEFBB0024D135 /* MoviesInfoTests.swift in Sources */,
			);
			runOnlyForDeploymentPostprocessing = 0;
		};
		410148E5283CEFBB0024D135 /* Sources */ = {
			isa = PBXSourcesBuildPhase;
			buildActionMask = 2147483647;
			files = (
				410148EE283CEFBB0024D135 /* MoviesInfoUITests.swift in Sources */,
				410148F0283CEFBB0024D135 /* MoviesInfoUITestsLaunchTests.swift in Sources */,
			);
			runOnlyForDeploymentPostprocessing = 0;
		};
/* End PBXSourcesBuildPhase section */

/* Begin PBXTargetDependency section */
		410148E1283CEFBB0024D135 /* PBXTargetDependency */ = {
			isa = PBXTargetDependency;
			target = 410148CE283CEFB80024D135 /* MoviesInfo */;
			targetProxy = 410148E0283CEFBB0024D135 /* PBXContainerItemProxy */;
		};
		410148EB283CEFBB0024D135 /* PBXTargetDependency */ = {
			isa = PBXTargetDependency;
			target = 410148CE283CEFB80024D135 /* MoviesInfo */;
			targetProxy = 410148EA283CEFBB0024D135 /* PBXContainerItemProxy */;
		};
/* End PBXTargetDependency section */

/* Begin XCBuildConfiguration section */
		410148F1283CEFBB0024D135 /* Debug */ = {
			isa = XCBuildConfiguration;
			buildSettings = {
				ALWAYS_SEARCH_USER_PATHS = NO;
				CLANG_ANALYZER_NONNULL = YES;
				CLANG_ANALYZER_NUMBER_OBJECT_CONVERSION = YES_AGGRESSIVE;
				CLANG_CXX_LANGUAGE_STANDARD = "gnu++17";
				CLANG_ENABLE_MODULES = YES;
				CLANG_ENABLE_OBJC_ARC = YES;
				CLANG_ENABLE_OBJC_WEAK = YES;
				CLANG_WARN_BLOCK_CAPTURE_AUTORELEASING = YES;
				CLANG_WARN_BOOL_CONVERSION = YES;
				CLANG_WARN_COMMA = YES;
				CLANG_WARN_CONSTANT_CONVERSION = YES;
				CLANG_WARN_DEPRECATED_OBJC_IMPLEMENTATIONS = YES;
				CLANG_WARN_DIRECT_OBJC_ISA_USAGE = YES_ERROR;
				CLANG_WARN_DOCUMENTATION_COMMENTS = YES;
				CLANG_WARN_EMPTY_BODY = YES;
				CLANG_WARN_ENUM_CONVERSION = YES;
				CLANG_WARN_INFINITE_RECURSION = YES;
				CLANG_WARN_INT_CONVERSION = YES;
				CLANG_WARN_NON_LITERAL_NULL_CONVERSION = YES;
				CLANG_WARN_OBJC_IMPLICIT_RETAIN_SELF = YES;
				CLANG_WARN_OBJC_LITERAL_CONVERSION = YES;
				CLANG_WARN_OBJC_ROOT_CLASS = YES_ERROR;
				CLANG_WARN_QUOTED_INCLUDE_IN_FRAMEWORK_HEADER = YES;
				CLANG_WARN_RANGE_LOOP_ANALYSIS = YES;
				CLANG_WARN_STRICT_PROTOTYPES = YES;
				CLANG_WARN_SUSPICIOUS_MOVE = YES;
				CLANG_WARN_UNGUARDED_AVAILABILITY = YES_AGGRESSIVE;
				CLANG_WARN_UNREACHABLE_CODE = YES;
				CLANG_WARN__DUPLICATE_METHOD_MATCH = YES;
				COPY_PHASE_STRIP = NO;
				DEBUG_INFORMATION_FORMAT = dwarf;
				ENABLE_STRICT_OBJC_MSGSEND = YES;
				ENABLE_TESTABILITY = YES;
				GCC_C_LANGUAGE_STANDARD = gnu11;
				GCC_DYNAMIC_NO_PIC = NO;
				GCC_NO_COMMON_BLOCKS = YES;
				GCC_OPTIMIZATION_LEVEL = 0;
				GCC_PREPROCESSOR_DEFINITIONS = (
					"DEBUG=1",
					"$(inherited)",
				);
				GCC_WARN_64_TO_32_BIT_CONVERSION = YES;
				GCC_WARN_ABOUT_RETURN_TYPE = YES_ERROR;
				GCC_WARN_UNDECLARED_SELECTOR = YES;
				GCC_WARN_UNINITIALIZED_AUTOS = YES_AGGRESSIVE;
				GCC_WARN_UNUSED_FUNCTION = YES;
				GCC_WARN_UNUSED_VARIABLE = YES;
				IPHONEOS_DEPLOYMENT_TARGET = 15.4;
				MTL_ENABLE_DEBUG_INFO = INCLUDE_SOURCE;
				MTL_FAST_MATH = YES;
				ONLY_ACTIVE_ARCH = YES;
				SDKROOT = iphoneos;
				SWIFT_ACTIVE_COMPILATION_CONDITIONS = DEBUG;
				SWIFT_OPTIMIZATION_LEVEL = "-Onone";
			};
			name = Debug;
		};
		410148F2283CEFBB0024D135 /* Release */ = {
			isa = XCBuildConfiguration;
			buildSettings = {
				ALWAYS_SEARCH_USER_PATHS = NO;
				CLANG_ANALYZER_NONNULL = YES;
				CLANG_ANALYZER_NUMBER_OBJECT_CONVERSION = YES_AGGRESSIVE;
				CLANG_CXX_LANGUAGE_STANDARD = "gnu++17";
				CLANG_ENABLE_MODULES = YES;
				CLANG_ENABLE_OBJC_ARC = YES;
				CLANG_ENABLE_OBJC_WEAK = YES;
				CLANG_WARN_BLOCK_CAPTURE_AUTORELEASING = YES;
				CLANG_WARN_BOOL_CONVERSION = YES;
				CLANG_WARN_COMMA = YES;
				CLANG_WARN_CONSTANT_CONVERSION = YES;
				CLANG_WARN_DEPRECATED_OBJC_IMPLEMENTATIONS = YES;
				CLANG_WARN_DIRECT_OBJC_ISA_USAGE = YES_ERROR;
				CLANG_WARN_DOCUMENTATION_COMMENTS = YES;
				CLANG_WARN_EMPTY_BODY = YES;
				CLANG_WARN_ENUM_CONVERSION = YES;
				CLANG_WARN_INFINITE_RECURSION = YES;
				CLANG_WARN_INT_CONVERSION = YES;
				CLANG_WARN_NON_LITERAL_NULL_CONVERSION = YES;
				CLANG_WARN_OBJC_IMPLICIT_RETAIN_SELF = YES;
				CLANG_WARN_OBJC_LITERAL_CONVERSION = YES;
				CLANG_WARN_OBJC_ROOT_CLASS = YES_ERROR;
				CLANG_WARN_QUOTED_INCLUDE_IN_FRAMEWORK_HEADER = YES;
				CLANG_WARN_RANGE_LOOP_ANALYSIS = YES;
				CLANG_WARN_STRICT_PROTOTYPES = YES;
				CLANG_WARN_SUSPICIOUS_MOVE = YES;
				CLANG_WARN_UNGUARDED_AVAILABILITY = YES_AGGRESSIVE;
				CLANG_WARN_UNREACHABLE_CODE = YES;
				CLANG_WARN__DUPLICATE_METHOD_MATCH = YES;
				COPY_PHASE_STRIP = NO;
				DEBUG_INFORMATION_FORMAT = "dwarf-with-dsym";
				ENABLE_NS_ASSERTIONS = NO;
				ENABLE_STRICT_OBJC_MSGSEND = YES;
				GCC_C_LANGUAGE_STANDARD = gnu11;
				GCC_NO_COMMON_BLOCKS = YES;
				GCC_WARN_64_TO_32_BIT_CONVERSION = YES;
				GCC_WARN_ABOUT_RETURN_TYPE = YES_ERROR;
				GCC_WARN_UNDECLARED_SELECTOR = YES;
				GCC_WARN_UNINITIALIZED_AUTOS = YES_AGGRESSIVE;
				GCC_WARN_UNUSED_FUNCTION = YES;
				GCC_WARN_UNUSED_VARIABLE = YES;
				IPHONEOS_DEPLOYMENT_TARGET = 15.4;
				MTL_ENABLE_DEBUG_INFO = NO;
				MTL_FAST_MATH = YES;
				SDKROOT = iphoneos;
				SWIFT_COMPILATION_MODE = wholemodule;
				SWIFT_OPTIMIZATION_LEVEL = "-O";
				VALIDATE_PRODUCT = YES;
			};
			name = Release;
		};
		410148F4283CEFBB0024D135 /* Debug */ = {
			isa = XCBuildConfiguration;
			buildSettings = {
				ASSETCATALOG_COMPILER_APPICON_NAME = AppIcon;
				ASSETCATALOG_COMPILER_GLOBAL_ACCENT_COLOR_NAME = AccentColor;
				CODE_SIGN_STYLE = Automatic;
				CURRENT_PROJECT_VERSION = 1;
				DEVELOPMENT_ASSET_PATHS = "\"MoviesInfo/Preview Content\"";
				DEVELOPMENT_TEAM = W749SDNNB4;
				ENABLE_PREVIEWS = YES;
				GENERATE_INFOPLIST_FILE = YES;
				INFOPLIST_FILE = MoviesInfo/Info.plist;
				INFOPLIST_KEY_LSApplicationCategoryType = "";
				INFOPLIST_KEY_UIApplicationSupportsIndirectInputEvents = YES;
				INFOPLIST_KEY_UILaunchScreen_Generation = YES;
				INFOPLIST_KEY_UISupportedInterfaceOrientations_iPad = "UIInterfaceOrientationPortrait UIInterfaceOrientationPortraitUpsideDown UIInterfaceOrientationLandscapeLeft UIInterfaceOrientationLandscapeRight";
				INFOPLIST_KEY_UISupportedInterfaceOrientations_iPhone = "UIInterfaceOrientationPortrait UIInterfaceOrientationLandscapeLeft UIInterfaceOrientationLandscapeRight";
				LD_RUNPATH_SEARCH_PATHS = (
					"$(inherited)",
					"@executable_path/Frameworks",
				);
				MARKETING_VERSION = 1.0;
				PRODUCT_BUNDLE_IDENTIFIER = com.asad.MoviesInfo;
				PRODUCT_NAME = "$(TARGET_NAME)";
				SWIFT_EMIT_LOC_STRINGS = YES;
				SWIFT_VERSION = 5.0;
				TARGETED_DEVICE_FAMILY = "1,2";
			};
			name = Debug;
		};
		410148F5283CEFBB0024D135 /* Release */ = {
			isa = XCBuildConfiguration;
			buildSettings = {
				ASSETCATALOG_COMPILER_APPICON_NAME = AppIcon;
				ASSETCATALOG_COMPILER_GLOBAL_ACCENT_COLOR_NAME = AccentColor;
				CODE_SIGN_STYLE = Automatic;
				CURRENT_PROJECT_VERSION = 1;
				DEVELOPMENT_ASSET_PATHS = "\"MoviesInfo/Preview Content\"";
				DEVELOPMENT_TEAM = W749SDNNB4;
				ENABLE_PREVIEWS = YES;
				GENERATE_INFOPLIST_FILE = YES;
				INFOPLIST_FILE = MoviesInfo/Info.plist;
				INFOPLIST_KEY_LSApplicationCategoryType = "";
				INFOPLIST_KEY_UIApplicationSupportsIndirectInputEvents = YES;
				INFOPLIST_KEY_UILaunchScreen_Generation = YES;
				INFOPLIST_KEY_UISupportedInterfaceOrientations_iPad = "UIInterfaceOrientationPortrait UIInterfaceOrientationPortraitUpsideDown UIInterfaceOrientationLandscapeLeft UIInterfaceOrientationLandscapeRight";
				INFOPLIST_KEY_UISupportedInterfaceOrientations_iPhone = "UIInterfaceOrientationPortrait UIInterfaceOrientationLandscapeLeft UIInterfaceOrientationLandscapeRight";
				LD_RUNPATH_SEARCH_PATHS = (
					"$(inherited)",
					"@executable_path/Frameworks",
				);
				MARKETING_VERSION = 1.0;
				PRODUCT_BUNDLE_IDENTIFIER = com.asad.MoviesInfo;
				PRODUCT_NAME = "$(TARGET_NAME)";
				SWIFT_EMIT_LOC_STRINGS = YES;
				SWIFT_VERSION = 5.0;
				TARGETED_DEVICE_FAMILY = "1,2";
			};
			name = Release;
		};
		410148F7283CEFBB0024D135 /* Debug */ = {
			isa = XCBuildConfiguration;
			buildSettings = {
				ALWAYS_EMBED_SWIFT_STANDARD_LIBRARIES = YES;
				BUNDLE_LOADER = "$(TEST_HOST)";
				CODE_SIGN_STYLE = Automatic;
				CURRENT_PROJECT_VERSION = 1;
				DEVELOPMENT_TEAM = W749SDNNB4;
				GENERATE_INFOPLIST_FILE = YES;
				IPHONEOS_DEPLOYMENT_TARGET = 15.4;
				MARKETING_VERSION = 1.0;
				PRODUCT_BUNDLE_IDENTIFIER = com.asad.MoviesInfoTests;
				PRODUCT_NAME = "$(TARGET_NAME)";
				SWIFT_EMIT_LOC_STRINGS = NO;
				SWIFT_VERSION = 5.0;
				TARGETED_DEVICE_FAMILY = "1,2";
				TEST_HOST = "$(BUILT_PRODUCTS_DIR)/MoviesInfo.app/MoviesInfo";
			};
			name = Debug;
		};
		410148F8283CEFBB0024D135 /* Release */ = {
			isa = XCBuildConfiguration;
			buildSettings = {
				ALWAYS_EMBED_SWIFT_STANDARD_LIBRARIES = YES;
				BUNDLE_LOADER = "$(TEST_HOST)";
				CODE_SIGN_STYLE = Automatic;
				CURRENT_PROJECT_VERSION = 1;
				DEVELOPMENT_TEAM = W749SDNNB4;
				GENERATE_INFOPLIST_FILE = YES;
				IPHONEOS_DEPLOYMENT_TARGET = 15.4;
				MARKETING_VERSION = 1.0;
				PRODUCT_BUNDLE_IDENTIFIER = com.asad.MoviesInfoTests;
				PRODUCT_NAME = "$(TARGET_NAME)";
				SWIFT_EMIT_LOC_STRINGS = NO;
				SWIFT_VERSION = 5.0;
				TARGETED_DEVICE_FAMILY = "1,2";
				TEST_HOST = "$(BUILT_PRODUCTS_DIR)/MoviesInfo.app/MoviesInfo";
			};
			name = Release;
		};
		410148FA283CEFBB0024D135 /* Debug */ = {
			isa = XCBuildConfiguration;
			buildSettings = {
				ALWAYS_EMBED_SWIFT_STANDARD_LIBRARIES = YES;
				CODE_SIGN_STYLE = Automatic;
				CURRENT_PROJECT_VERSION = 1;
				DEVELOPMENT_TEAM = W749SDNNB4;
				GENERATE_INFOPLIST_FILE = YES;
				MARKETING_VERSION = 1.0;
				PRODUCT_BUNDLE_IDENTIFIER = com.asad.MoviesInfoUITests;
				PRODUCT_NAME = "$(TARGET_NAME)";
				SWIFT_EMIT_LOC_STRINGS = NO;
				SWIFT_VERSION = 5.0;
				TARGETED_DEVICE_FAMILY = "1,2";
				TEST_TARGET_NAME = MoviesInfo;
			};
			name = Debug;
		};
		410148FB283CEFBB0024D135 /* Release */ = {
			isa = XCBuildConfiguration;
			buildSettings = {
				ALWAYS_EMBED_SWIFT_STANDARD_LIBRARIES = YES;
				CODE_SIGN_STYLE = Automatic;
				CURRENT_PROJECT_VERSION = 1;
				DEVELOPMENT_TEAM = W749SDNNB4;
				GENERATE_INFOPLIST_FILE = YES;
				MARKETING_VERSION = 1.0;
				PRODUCT_BUNDLE_IDENTIFIER = com.asad.MoviesInfoUITests;
				PRODUCT_NAME = "$(TARGET_NAME)";
				SWIFT_EMIT_LOC_STRINGS = NO;
				SWIFT_VERSION = 5.0;
				TARGETED_DEVICE_FAMILY = "1,2";
				TEST_TARGET_NAME = MoviesInfo;
			};
			name = Release;
		};
/* End XCBuildConfiguration section */

/* Begin XCConfigurationList section */
		410148CA283CEFB80024D135 /* Build configuration list for PBXProject "MoviesInfo" */ = {
			isa = XCConfigurationList;
			buildConfigurations = (
				410148F1283CEFBB0024D135 /* Debug */,
				410148F2283CEFBB0024D135 /* Release */,
			);
			defaultConfigurationIsVisible = 0;
			defaultConfigurationName = Release;
		};
		410148F3283CEFBB0024D135 /* Build configuration list for PBXNativeTarget "MoviesInfo" */ = {
			isa = XCConfigurationList;
			buildConfigurations = (
				410148F4283CEFBB0024D135 /* Debug */,
				410148F5283CEFBB0024D135 /* Release */,
			);
			defaultConfigurationIsVisible = 0;
			defaultConfigurationName = Release;
		};
		410148F6283CEFBB0024D135 /* Build configuration list for PBXNativeTarget "MoviesInfoTests" */ = {
			isa = XCConfigurationList;
			buildConfigurations = (
				410148F7283CEFBB0024D135 /* Debug */,
				410148F8283CEFBB0024D135 /* Release */,
			);
			defaultConfigurationIsVisible = 0;
			defaultConfigurationName = Release;
		};
		410148F9283CEFBB0024D135 /* Build configuration list for PBXNativeTarget "MoviesInfoUITests" */ = {
			isa = XCConfigurationList;
			buildConfigurations = (
				410148FA283CEFBB0024D135 /* Debug */,
				410148FB283CEFBB0024D135 /* Release */,
			);
			defaultConfigurationIsVisible = 0;
			defaultConfigurationName = Release;
		};
/* End XCConfigurationList section */
	};
	rootObject = 410148C7283CEFB80024D135 /* Project object */;
}
